<?xml version="1.0" encoding="utf-8"?>
<Project ToolsVersion="4.0" xmlns="http://schemas.microsoft.com/developer/msbuild/2003">
  <ItemGroup>
    <Filter Include="Source Files">
      <UniqueIdentifier>{4FC737F1-C7A5-4376-A066-2A32D752A2FF}</UniqueIdentifier>
      <Extensions>cpp;c;cc;cxx;def;odl;idl;hpj;bat;asm;asmx</Extensions>
    </Filter>
    <Filter Include="Header Files">
      <UniqueIdentifier>{93995380-89BD-4b04-88EB-625FBE52EBFB}</UniqueIdentifier>
      <Extensions>h;hh;hpp;hxx;hm;inl;inc;ipp;xsd</Extensions>
    </Filter>
    <Filter Include="Resource Files">
      <UniqueIdentifier>{67DA6AB6-F800-4c08-8B7A-83BB121AAD01}</UniqueIdentifier>
      <Extensions>rc;ico;cur;bmp;dlg;rc2;rct;bin;rgs;gif;jpg;jpeg;jpe;resx;tiff;tif;png;wav;mfcribbon-ms</Extensions>
    </Filter>
  </ItemGroup>
  <ItemGroup>
    <ClCompile Include="src\BehavioralPatterns\CommandPattern\Command.cpp">
      <Filter>Source Files</Filter>
    </ClCompile>
    <ClCompile Include="src\BehavioralPatterns\CORPattern\CORPattern.cpp">
      <Filter>Source Files</Filter>
    </ClCompile>
    <ClCompile Include="src\BehavioralPatterns\MediatorPattern\MediatorPattern.cpp">
      <Filter>Source Files</Filter>
    </ClCompile>
    <ClCompile Include="src\BehavioralPatterns\MementoPattern\MementoPattern.cpp">
      <Filter>Source Files</Filter>
    </ClCompile>
    <ClCompile Include="src\BehavioralPatterns\ObserverPattern\ObserverPattern.cpp">
      <Filter>Source Files</Filter>
    </ClCompile>
    <ClCompile Include="src\BehavioralPatterns\StatePattern\StatePattern.cpp">
      <Filter>Source Files</Filter>
    </ClCompile>
    <ClCompile Include="src\BehavioralPatterns\StrategyPattern\StrategyPattern.cpp">
      <Filter>Source Files</Filter>
    </ClCompile>
    <ClCompile Include="src\BehavioralPatterns\TemplateMethodPattern\TemplateMethodPattern.cpp">
      <Filter>Source Files</Filter>
    </ClCompile>
    <ClCompile Include="src\BehavioralPatterns\VisitorPattern\VisitorPattern.cpp">
      <Filter>Source Files</Filter>
    </ClCompile>
    <ClCompile Include="src\CreationalPatterns\AbstractFactoryPattern\AbstractFactoryPattern.cpp">
      <Filter>Source Files</Filter>
    </ClCompile>
    <ClCompile Include="src\CreationalPatterns\BuilderPattern\BuilderPattern.cpp">
      <Filter>Source Files</Filter>
    </ClCompile>
    <ClCompile Include="src\CreationalPatterns\FactoryMethodPattern\FactoryMethodPattern.cpp">
      <Filter>Source Files</Filter>
    </ClCompile>
    <ClCompile Include="src\CreationalPatterns\PrototypePattern\PrototypePattern.cpp">
      <Filter>Source Files</Filter>
    </ClCompile>
    <ClCompile Include="src\CreationalPatterns\SingletonPattern\RWLock.cpp">
      <Filter>Source Files</Filter>
    </ClCompile>
    <ClCompile Include="src\CreationalPatterns\SingletonPattern\SingletonPattern.cpp">
      <Filter>Source Files</Filter>
    </ClCompile>
    <ClCompile Include="src\StructuralPatterns\AdapterPattern\AdapterPattern.cpp">
      <Filter>Source Files</Filter>
    </ClCompile>
    <ClCompile Include="src\StructuralPatterns\BridgePattern\BridgePattern.cpp">
      <Filter>Source Files</Filter>
    </ClCompile>
    <ClCompile Include="src\StructuralPatterns\CompositePattern\CompositePattern.cpp">
      <Filter>Source Files</Filter>
    </ClCompile>
    <ClCompile Include="src\StructuralPatterns\DecoratorPattern\DecoratorPattern.cpp">
      <Filter>Source Files</Filter>
    </ClCompile>
    <ClCompile Include="src\StructuralPatterns\FacadePattern\FacadePattern.cpp">
      <Filter>Source Files</Filter>
    </ClCompile>
    <ClCompile Include="src\StructuralPatterns\FlyweightPattern\Flyweight.cpp">
      <Filter>Source Files</Filter>
    </ClCompile>
    <ClCompile Include="src\StructuralPatterns\ProxyPattern\ProxyPattern.cpp">
      <Filter>Source Files</Filter>
    </ClCompile>
    <ClCompile Include="src\main.cpp">
      <Filter>Source Files</Filter>
    </ClCompile>
  </ItemGroup>
  <ItemGroup>
    <ClInclude Include="src\BehavioralPatterns\CommandPattern\Command.h">
      <Filter>Header Files</Filter>
    </ClInclude>
    <ClInclude Include="src\BehavioralPatterns\CommandPattern\CommandPatternTest.hpp">
      <Filter>Header Files</Filter>
    </ClInclude>
    <ClInclude Include="src\BehavioralPatterns\CORPattern\CORPattern.h">
      <Filter>Header Files</Filter>
    </ClInclude>
    <ClInclude Include="src\BehavioralPatterns\CORPattern\CORPatternTest.hpp">
      <Filter>Header Files</Filter>
    </ClInclude>
    <ClInclude Include="src\BehavioralPatterns\IteratorPattern\IteratorPattern.hpp">
      <Filter>Header Files</Filter>
    </ClInclude>
    <ClInclude Include="src\BehavioralPatterns\IteratorPattern\IteratorPatternTest.hpp">
      <Filter>Header Files</Filter>
    </ClInclude>
    <ClInclude Include="src\BehavioralPatterns\MediatorPattern\MediatorPattern.h">
      <Filter>Header Files</Filter>
    </ClInclude>
    <ClInclude Include="src\BehavioralPatterns\MediatorPattern\MediatorPatternTest.hpp">
      <Filter>Header Files</Filter>
    </ClInclude>
    <ClInclude Include="src\BehavioralPatterns\MementoPattern\MementoPattern.h">
      <Filter>Header Files</Filter>
    </ClInclude>
    <ClInclude Include="src\BehavioralPatterns\MementoPattern\MementoPatternTest.hpp">
      <Filter>Header Files</Filter>
    </ClInclude>
    <ClInclude Include="src\BehavioralPatterns\ObserverPattern\ObserverPattern.h">
      <Filter>Header Files</Filter>
    </ClInclude>
    <ClInclude Include="src\BehavioralPatterns\ObserverPattern\ObserverPatternTest.hpp">
      <Filter>Header Files</Filter>
    </ClInclude>
    <ClInclude Include="src\BehavioralPatterns\StatePattern\StatePattern.h">
      <Filter>Header Files</Filter>
    </ClInclude>
    <ClInclude Include="src\BehavioralPatterns\StatePattern\StatePatternTest.hpp">
      <Filter>Header Files</Filter>
    </ClInclude>
    <ClInclude Include="src\BehavioralPatterns\StrategyPattern\StrategyPattern.h">
      <Filter>Header Files</Filter>
    </ClInclude>
    <ClInclude Include="src\BehavioralPatterns\StrategyPattern\StrategyPatternTest.hpp">
      <Filter>Header Files</Filter>
    </ClInclude>
    <ClInclude Include="src\BehavioralPatterns\TemplateMethodPattern\TemplateMethodPattern.h">
      <Filter>Header Files</Filter>
    </ClInclude>
    <ClInclude Include="src\BehavioralPatterns\TemplateMethodPattern\TemplateMethodPatternTest.hpp">
      <Filter>Header Files</Filter>
    </ClInclude>
    <ClInclude Include="src\BehavioralPatterns\VisitorPattern\VisitorPattern.h">
      <Filter>Header Files</Filter>
    </ClInclude>
    <ClInclude Include="src\BehavioralPatterns\VisitorPattern\VisitorPatternTest.hpp">
      <Filter>Header Files</Filter>
    </ClInclude>
    <ClInclude Include="src\CreationalPatterns\AbstractFactoryPattern\AbstractFactoryPattern.h">
      <Filter>Header Files</Filter>
    </ClInclude>
    <ClInclude Include="src\CreationalPatterns\AbstractFactoryPattern\AbstractFactoryPatternTest.hpp">
      <Filter>Header Files</Filter>
    </ClInclude>
    <ClInclude Include="src\CreationalPatterns\BuilderPattern\BuilderPattern.h">
      <Filter>Header Files</Filter>
    </ClInclude>
    <ClInclude Include="src\CreationalPatterns\BuilderPattern\BuilderPatternTest.hpp">
      <Filter>Header Files</Filter>
    </ClInclude>
    <ClInclude Include="src\CreationalPatterns\FactoryMethodPattern\FactoryMethodPattern.h">
      <Filter>Header Files</Filter>
    </ClInclude>
    <ClInclude Include="src\CreationalPatterns\FactoryMethodPattern\FactoryMethodPatternTest.hpp">
      <Filter>Header Files</Filter>
    </ClInclude>
    <ClInclude Include="src\CreationalPatterns\PrototypePattern\PrototypePattern.h">
      <Filter>Header Files</Filter>
    </ClInclude>
    <ClInclude Include="src\CreationalPatterns\PrototypePattern\PrototypePatternTest.hpp">
      <Filter>Header Files</Filter>
    </ClInclude>
    <ClInclude Include="src\CreationalPatterns\SingletonPattern\RWLock.h">
      <Filter>Header Files</Filter>
    </ClInclude>
    <ClInclude Include="src\CreationalPatterns\SingletonPattern\SingletonPattern.h">
      <Filter>Header Files</Filter>
    </ClInclude>
    <ClInclude Include="src\CreationalPatterns\SingletonPattern\SingletonPatternTest.hpp">
      <Filter>Header Files</Filter>
    </ClInclude>
    <ClInclude Include="src\StructuralPatterns\AdapterPattern\AdapterPattern.h">
      <Filter>Header Files</Filter>
    </ClInclude>
    <ClInclude Include="src\StructuralPatterns\AdapterPattern\AdapterPatternTest.hpp">
      <Filter>Header Files</Filter>
    </ClInclude>
    <ClInclude Include="src\StructuralPatterns\BridgePattern\BridgePattern.h">
      <Filter>Header Files</Filter>
    </ClInclude>
    <ClInclude Include="src\StructuralPatterns\BridgePattern\BridgePatternTest.hpp">
      <Filter>Header Files</Filter>
    </ClInclude>
    <ClInclude Include="src\StructuralPatterns\CompositePattern\CompositePattern.h">
      <Filter>Header Files</Filter>
    </ClInclude>
    <ClInclude Include="src\StructuralPatterns\CompositePattern\CompositePatternTest.hpp">
      <Filter>Header Files</Filter>
    </ClInclude>
    <ClInclude Include="src\StructuralPatterns\DecoratorPattern\DecoratorPattern.h">
      <Filter>Header Files</Filter>
    </ClInclude>
    <ClInclude Include="src\StructuralPatterns\DecoratorPattern\DecoratorPatternTest.hpp">
      <Filter>Header Files</Filter>
    </ClInclude>
    <ClInclude Include="src\StructuralPatterns\FacadePattern\FacadePattern.h">
      <Filter>Header Files</Filter>
    </ClInclude>
    <ClInclude Include="src\StructuralPatterns\FacadePattern\FacadePatternTest.hpp">
      <Filter>Header Files</Filter>
    </ClInclude>
    <ClInclude Include="src\StructuralPatterns\FlyweightPattern\Flyweight.h">
      <Filter>Header Files</Filter>
    </ClInclude>
    <ClInclude Include="src\StructuralPatterns\FlyweightPattern\FlyweightPatternTest.hpp">
      <Filter>Header Files</Filter>
    </ClInclude>
    <ClInclude Include="src\StructuralPatterns\ProxyPattern\ProxyPattern.h">
      <Filter>Header Files</Filter>
    </ClInclude>
    <ClInclude Include="src\StructuralPatterns\ProxyPattern\ProxyPatternTest.hpp">
      <Filter>Header Files</Filter>
    </ClInclude>
    <ClInclude Include="src\TestPatterns.h">
      <Filter>Header Files</Filter>
    </ClInclude>
  </ItemGroup>
</Project>